
Microsoft Visual Studio Solution File, Format Version 12.00
# Visual Studio Version 16
VisualStudioVersion = 16.0.31515.178
MinimumVisualStudioVersion = 10.0.40219.1
Project("{FAE04EC0-301F-11D3-BF4B-00C04F79EFBC}") = "Book_Cab_App", "Book_Cab_App.csproj", "{7252EAE7-FADE-4B06-915B-6A4C56AA0816}"
EndProject
Project("{FAE04EC0-301F-11D3-BF4B-00C04F79EFBC}") = "Book_Cab_App.Models", "..\Book_Cab_App.Models\Book_Cab_App.Models.csproj", "{117FAF5B-8817-44DA-81A8-01DBC98DAA45}"
EndProject
Project("{FAE04EC0-301F-11D3-BF4B-00C04F79EFBC}") = "Book_Cab_App.DataAccess", "..\Book_Cab_App.DataAccess\Book_Cab_App.DataAccess.csproj", "{A97F9A97-B3E6-47B7-A16A-FDA609E3AFA9}"
EndProject
Project("{FAE04EC0-301F-11D3-BF4B-00C04F79EFBC}") = "Book_Cab_App.Utility", "..\Book_Cab_App.Utility\Book_Cab_App.Utility.csproj", "{602C4D65-B0D1-4A81-ADAC-7E52863DE67A}"
EndProject
Global
	GlobalSection(SolutionConfigurationPlatforms) = preSolution
		Debug|Any CPU = Debug|Any CPU
		Release|Any CPU = Release|Any CPU
	EndGlobalSection
	GlobalSection(ProjectConfigurationPlatforms) = postSolution
		{7252EAE7-FADE-4B06-915B-6A4C56AA0816}.Debug|Any CPU.ActiveCfg = Debug|Any CPU
		{7252EAE7-FADE-4B06-915B-6A4C56AA0816}.Debug|Any CPU.Build.0 = Debug|Any CPU
		{7252EAE7-FADE-4B06-915B-6A4C56AA0816}.Release|Any CPU.ActiveCfg = Release|Any CPU
		{7252EAE7-FADE-4B06-915B-6A4C56AA0816}.Release|Any CPU.Build.0 = Release|Any CPU
		{117FAF5B-8817-44DA-81A8-01DBC98DAA45}.Debug|Any CPU.ActiveCfg = Debug|Any CPU
		{117FAF5B-8817-44DA-81A8-01DBC98DAA45}.Debug|Any CPU.Build.0 = Debug|Any CPU
		{117FAF5B-8817-44DA-81A8-01DBC98DAA45}.Release|Any CPU.ActiveCfg = Release|Any CPU
		{117FAF5B-8817-44DA-81A8-01DBC98DAA45}.Release|Any CPU.Build.0 = Release|Any CPU
		{A97F9A97-B3E6-47B7-A16A-FDA609E3AFA9}.Debug|Any CPU.ActiveCfg = Debug|Any CPU
		{A97F9A97-B3E6-47B7-A16A-FDA609E3AFA9}.Debug|Any CPU.Build.0 = Debug|Any CPU
		{A97F9A97-B3E6-47B7-A16A-FDA609E3AFA9}.Release|Any CPU.ActiveCfg = Release|Any CPU
		{A97F9A97-B3E6-47B7-A16A-FDA609E3AFA9}.Release|Any CPU.Build.0 = Release|Any CPU
		{602C4D65-B0D1-4A81-ADAC-7E52863DE67A}.Debug|Any CPU.ActiveCfg = Debug|Any CPU
		{602C4D65-B0D1-4A81-ADAC-7E52863DE67A}.Debug|Any CPU.Build.0 = Debug|Any CPU
		{602C4D65-B0D1-4A81-ADAC-7E52863DE67A}.Release|Any CPU.ActiveCfg = Release|Any CPU
		{602C4D65-B0D1-4A81-ADAC-7E52863DE67A}.Release|Any CPU.Build.0 = Release|Any CPU
	EndGlobalSection
	GlobalSection(SolutionProperties) = preSolution
		HideSolutionNode = FALSE
	EndGlobalSection
	GlobalSection(ExtensibilityGlobals) = postSolution
		SolutionGuid = {B999ABAF-25C8-40C4-ABAA-84296431DA59}
	EndGlobalSection
EndGlobal
